PODS:
  - DCCJConfig (0.1.3):
    - DCCJConfig/DataManagerError (= 0.1.3)
    - DCCJConfig/Result (= 0.1.3)
  - DCCJConfig/DataManagerError (0.1.3)
  - DCCJConfig/Result (0.1.3)

DEPENDENCIES:
  - DCCJConfig (from `../`)

EXTERNAL SOURCES:
  DCCJConfig:
    :path: "../"

SPEC CHECKSUMS:
  DCCJConfig: 7a6b661491c1ec998b18531140a798ea4a3bcac8

PODFILE CHECKSUM: a495ac25a43f15a4dd0f626ef7584f77a3d1cdd2

COCOAPODS: 1.5.3
