PODS:
  - DCCJConfig (0.2.0):
    - DCCJConfig/DataManagerError (= 0.2.0)
    - DCCJConfig/Result (= 0.2.0)
  - DCCJConfig/DataManagerError (0.2.0)
  - DCCJConfig/Result (0.2.0)

DEPENDENCIES:
  - DCCJConfig (from `../`)

EXTERNAL SOURCES:
  DCCJConfig:
    :path: "../"

SPEC CHECKSUMS:
  DCCJConfig: ef8d212e05453385c5dddb11944a9a5a6e00f300

PODFILE CHECKSUM: a495ac25a43f15a4dd0f626ef7584f77a3d1cdd2

COCOAPODS: 1.5.3
