PODS:
  - DCCJConfig (0.2.1):
    - DCCJConfig/DataManagerError (= 0.2.1)
    - DCCJConfig/Result (= 0.2.1)
  - DCCJConfig/DataManagerError (0.2.1)
  - DCCJConfig/Result (0.2.1)

DEPENDENCIES:
  - DCCJConfig (from `../`)

EXTERNAL SOURCES:
  DCCJConfig:
    :path: "../"

SPEC CHECKSUMS:
  DCCJConfig: 50de22525134283509ba841e8e84ab8ccfa3d6eb

PODFILE CHECKSUM: a495ac25a43f15a4dd0f626ef7584f77a3d1cdd2

COCOAPODS: 1.5.3
